# This file is autogenerated, do not edit; changes may be undone by the next 'dep ensure'.


[[projects]]
  digest = "1:cbec35fe4d5a4fba369a656a8cd65e244ea2c743007d8f6c1ccb132acf9d1296"
  name = "github.com/gorilla/mux"
  packages = ["."]
  pruneopts = "UT"
  revision = "00bdffe0f3c77e27d2cf6f5c70232a2d3e4d9c15"
  version = "v1.7.3"

[[projects]]
  branch = "master"
  digest = "1:9400153037ace22339462478881bbd7018099cd3147fd61db84bc570e2e18039"
  name = "github.com/harrydrippin/brusta-go"
  packages = ["model"]
  pruneopts = "UT"
  revision = "13407261b297692d12855f9e25e2ab189c8fffb0"

[solve-meta]
  analyzer-name = "dep"
  analyzer-version = 1
  input-imports = [
    "github.com/gorilla/mux",
    "github.com/harrydrippin/brusta-go/model",
  ]
  solver-name = "gps-cdcl"
  solver-version = 1
